
Microsoft Visual Studio Solution File, Format Version 11.00
# Visual Studio 2010
Project("{8BC9CEB8-8B4A-11D0-8D11-00A0C91BC942}") = "HsbVision", "HsbVision\HsbVision.vcxproj", "{6B982BE6-F05C-48DE-A09C-1604058C21A4}"
EndProject
Project("{8BC9CEB8-8B4A-11D0-8D11-00A0C91BC942}") = "HVision", "HVisionDll\HVisionDll.vcxproj", "{BCFFE688-E23B-404D-A681-824C0B375D31}"
EndProject
Global
	GlobalSection(SolutionConfigurationPlatforms) = preSolution
		Debug|Win32 = Debug|Win32
		Debug|x64 = Debug|x64
		Release|Win32 = Release|Win32
		Release|x64 = Release|x64
	EndGlobalSection
	GlobalSection(ProjectConfigurationPlatforms) = postSolution
		{6B982BE6-F05C-48DE-A09C-1604058C21A4}.Debug|Win32.ActiveCfg = Debug|Win32
		{6B982BE6-F05C-48DE-A09C-1604058C21A4}.Debug|Win32.Build.0 = Debug|Win32
		{6B982BE6-F05C-48DE-A09C-1604058C21A4}.Debug|x64.ActiveCfg = Debug|x64
		{6B982BE6-F05C-48DE-A09C-1604058C21A4}.Debug|x64.Build.0 = Debug|x64
		{6B982BE6-F05C-48DE-A09C-1604058C21A4}.Release|Win32.ActiveCfg = Release|Win32
		{6B982BE6-F05C-48DE-A09C-1604058C21A4}.Release|Win32.Build.0 = Release|Win32
		{6B982BE6-F05C-48DE-A09C-1604058C21A4}.Release|x64.ActiveCfg = Release|x64
		{6B982BE6-F05C-48DE-A09C-1604058C21A4}.Release|x64.Build.0 = Release|x64
		{BCFFE688-E23B-404D-A681-824C0B375D31}.Debug|Win32.ActiveCfg = Debug|Win32
		{BCFFE688-E23B-404D-A681-824C0B375D31}.Debug|Win32.Build.0 = Debug|Win32
		{BCFFE688-E23B-404D-A681-824C0B375D31}.Debug|x64.ActiveCfg = Debug|x64
		{BCFFE688-E23B-404D-A681-824C0B375D31}.Debug|x64.Build.0 = Debug|x64
		{BCFFE688-E23B-404D-A681-824C0B375D31}.Release|Win32.ActiveCfg = Release|Win32
		{BCFFE688-E23B-404D-A681-824C0B375D31}.Release|Win32.Build.0 = Release|Win32
		{BCFFE688-E23B-404D-A681-824C0B375D31}.Release|x64.ActiveCfg = Release|x64
		{BCFFE688-E23B-404D-A681-824C0B375D31}.Release|x64.Build.0 = Release|x64
	EndGlobalSection
	GlobalSection(SolutionProperties) = preSolution
		HideSolutionNode = FALSE
	EndGlobalSection
EndGlobal
